
Microsoft Visual Studio Solution File, Format Version 11.00
# Visual Studio 2010
Project("{FAE04EC0-301F-11D3-BF4B-00C04F79EFBC}") = "heddit", "heddit\heddit.csproj", "{178B21CF-32CC-4854-BC09-96A5FB415485}"
EndProject
Project("{FAE04EC0-301F-11D3-BF4B-00C04F79EFBC}") = "heddit.Tests", "heddit.Tests\heddit.Tests.csproj", "{D83E8DBB-A758-4736-8952-1475A1418748}"
EndProject
Project("{2150E333-8FDC-42A3-9474-1A3956D46DE8}") = "Solution Items", "Solution Items", "{5179FF71-9871-41D5-B67C-272F11E1E51E}"
	ProjectSection(SolutionItems) = preProject
		heddit.vsmdi = heddit.vsmdi
		Local.testsettings = Local.testsettings
		TraceAndTestImpact.testsettings = TraceAndTestImpact.testsettings
	EndProjectSection
EndProject
Global
	GlobalSection(TestCaseManagementSettings) = postSolution
		CategoryFile = heddit.vsmdi
	EndGlobalSection
	GlobalSection(SolutionConfigurationPlatforms) = preSolution
		Debug|Any CPU = Debug|Any CPU
		Release|Any CPU = Release|Any CPU
	EndGlobalSection
	GlobalSection(ProjectConfigurationPlatforms) = postSolution
		{178B21CF-32CC-4854-BC09-96A5FB415485}.Debug|Any CPU.ActiveCfg = Debug|Any CPU
		{178B21CF-32CC-4854-BC09-96A5FB415485}.Debug|Any CPU.Build.0 = Debug|Any CPU
		{178B21CF-32CC-4854-BC09-96A5FB415485}.Release|Any CPU.ActiveCfg = Release|Any CPU
		{178B21CF-32CC-4854-BC09-96A5FB415485}.Release|Any CPU.Build.0 = Release|Any CPU
		{D83E8DBB-A758-4736-8952-1475A1418748}.Debug|Any CPU.ActiveCfg = Debug|Any CPU
		{D83E8DBB-A758-4736-8952-1475A1418748}.Debug|Any CPU.Build.0 = Debug|Any CPU
		{D83E8DBB-A758-4736-8952-1475A1418748}.Release|Any CPU.ActiveCfg = Release|Any CPU
		{D83E8DBB-A758-4736-8952-1475A1418748}.Release|Any CPU.Build.0 = Release|Any CPU
	EndGlobalSection
	GlobalSection(SolutionProperties) = preSolution
		HideSolutionNode = FALSE
	EndGlobalSection
EndGlobal
